
Microsoft Visual Studio Solution File, Format Version 12.00
# Visual Studio Version 17
VisualStudioVersion = 17.6.33723.286
MinimumVisualStudioVersion = 10.0.40219.1
Project("{FAE04EC0-301F-11D3-BF4B-00C04F79EFBC}") = "createReport", "createReport\createReport.csproj", "{099363CC-C110-47F5-B2C5-1E6F1D549609}"
EndProject
Global
	GlobalSection(SolutionConfigurationPlatforms) = preSolution
		Debug|Any CPU = Debug|Any CPU
		Release|Any CPU = Release|Any CPU
	EndGlobalSection
	GlobalSection(ProjectConfigurationPlatforms) = postSolution
		{099363CC-C110-47F5-B2C5-1E6F1D549609}.Debug|Any CPU.ActiveCfg = Debug|Any CPU
		{099363CC-C110-47F5-B2C5-1E6F1D549609}.Debug|Any CPU.Build.0 = Debug|Any CPU
		{099363CC-C110-47F5-B2C5-1E6F1D549609}.Release|Any CPU.ActiveCfg = Release|Any CPU
		{099363CC-C110-47F5-B2C5-1E6F1D549609}.Release|Any CPU.Build.0 = Release|Any CPU
	EndGlobalSection
	GlobalSection(SolutionProperties) = preSolution
		HideSolutionNode = FALSE
	EndGlobalSection
	GlobalSection(ExtensibilityGlobals) = postSolution
		SolutionGuid = {56955067-09BD-4DD3-A28C-026612721EAD}
	EndGlobalSection
EndGlobal
