
Microsoft Visual Studio Solution File, Format Version 12.00
# Visual Studio Version 17
VisualStudioVersion = 17.6.33723.286
MinimumVisualStudioVersion = 10.0.40219.1
Project("{FAE04EC0-301F-11D3-BF4B-00C04F79EFBC}") = "mergeFile", "mergeFile.csproj", "{FE1BCFF6-0E5A-444A-80E6-1572E82F08E0}"
EndProject
Global
	GlobalSection(SolutionConfigurationPlatforms) = preSolution
		Debug|Any CPU = Debug|Any CPU
		Release|Any CPU = Release|Any CPU
	EndGlobalSection
	GlobalSection(ProjectConfigurationPlatforms) = postSolution
		{FE1BCFF6-0E5A-444A-80E6-1572E82F08E0}.Debug|Any CPU.ActiveCfg = Debug|Any CPU
		{FE1BCFF6-0E5A-444A-80E6-1572E82F08E0}.Debug|Any CPU.Build.0 = Debug|Any CPU
		{FE1BCFF6-0E5A-444A-80E6-1572E82F08E0}.Release|Any CPU.ActiveCfg = Release|Any CPU
		{FE1BCFF6-0E5A-444A-80E6-1572E82F08E0}.Release|Any CPU.Build.0 = Release|Any CPU
	EndGlobalSection
	GlobalSection(SolutionProperties) = preSolution
		HideSolutionNode = FALSE
	EndGlobalSection
	GlobalSection(ExtensibilityGlobals) = postSolution
		SolutionGuid = {EFF8A124-B413-4C4D-B546-93DE71D50582}
	EndGlobalSection
EndGlobal
